// !$*UTF8*$!
{
	archiveVersion = 1;
	classes = {
	};
	objectVersion = 51;
	objects = {

/* Begin PBXBuildFile section */
		210C0DAC265C046C0027CA42 /* ForecastViewController.swift in Sources */ = {isa = PBXBuildFile; fileRef = 210C0DAB265C046C0027CA42 /* ForecastViewController.swift */; };
		2176F0DB265294F800628811 /* AppDelegate.swift in Sources */ = {isa = PBXBuildFile; fileRef = 2176F0DA265294F800628811 /* AppDelegate.swift */; };
		2176F0DD265294F800628811 /* SceneDelegate.swift in Sources */ = {isa = PBXBuildFile; fileRef = 2176F0DC265294F800628811 /* SceneDelegate.swift */; };
		2176F0DF265294F800628811 /* ViewController.swift in Sources */ = {isa = PBXBuildFile; fileRef = 2176F0DE265294F800628811 /* ViewController.swift */; };
		2176F0E2265294F800628811 /* Main.storyboard in Resources */ = {isa = PBXBuildFile; fileRef = 2176F0E0265294F800628811 /* Main.storyboard */; };
		2176F0E42652950600628811 /* Assets.xcassets in Resources */ = {isa = PBXBuildFile; fileRef = 2176F0E32652950600628811 /* Assets.xcassets */; };
		2176F0E72652950600628811 /* LaunchScreen.storyboard in Resources */ = {isa = PBXBuildFile; fileRef = 2176F0E52652950600628811 /* LaunchScreen.storyboard */; };
		2176F0F42652B24C00628811 /* OpenWeatherMap.swift in Sources */ = {isa = PBXBuildFile; fileRef = 2176F0F32652B24C00628811 /* OpenWeatherMap.swift */; };
		2176F0F82652DBED00628811 /* Images.xcassets in Resources */ = {isa = PBXBuildFile; fileRef = 2176F0F72652DBED00628811 /* Images.xcassets */; };
		218008A92656C8E600B2496E /* CoreLocation.framework in Frameworks */ = {isa = PBXBuildFile; fileRef = 218008A82656C8E600B2496E /* CoreLocation.framework */; };
		21C1E5A02673C13C00B8ED4B /* OpenWeatherModel.swift in Sources */ = {isa = PBXBuildFile; fileRef = 21C1E59F2673C13C00B8ED4B /* OpenWeatherModel.swift */; };
		21E9C63F266A87A50080C819 /* Weather.swift in Sources */ = {isa = PBXBuildFile; fileRef = 21E9C63E266A87A50080C819 /* Weather.swift */; };
		21E9C647266AA56E0080C819 /* CurrentWeatherViewController.swift in Sources */ = {isa = PBXBuildFile; fileRef = 21E9C646266AA56E0080C819 /* CurrentWeatherViewController.swift */; };
		21E9C64B266AA5910080C819 /* CurrentWeatherPresenter.swift in Sources */ = {isa = PBXBuildFile; fileRef = 21E9C64A266AA5910080C819 /* CurrentWeatherPresenter.swift */; };
		21E9C64E266AA6C60080C819 /* CurrentWeatherAssembly.swift in Sources */ = {isa = PBXBuildFile; fileRef = 21E9C64D266AA6C60080C819 /* CurrentWeatherAssembly.swift */; };
		5631265AC70A05378D7C3971 /* Pods_weatherApp.framework in Frameworks */ = {isa = PBXBuildFile; fileRef = 6CF6F84855A39805DABAA8F9 /* Pods_weatherApp.framework */; };
/* End PBXBuildFile section */

/* Begin PBXFileReference section */
		210C0DAB265C046C0027CA42 /* ForecastViewController.swift */ = {isa = PBXFileReference; lastKnownFileType = sourcecode.swift; path = ForecastViewController.swift; sourceTree = "<group>"; };
		2176F0D7265294F800628811 /* weatherApp.app */ = {isa = PBXFileReference; explicitFileType = wrapper.application; includeInIndex = 0; path = weatherApp.app; sourceTree = BUILT_PRODUCTS_DIR; };
		2176F0DA265294F800628811 /* AppDelegate.swift */ = {isa = PBXFileReference; lastKnownFileType = sourcecode.swift; path = AppDelegate.swift; sourceTree = "<group>"; };
		2176F0DC265294F800628811 /* SceneDelegate.swift */ = {isa = PBXFileReference; lastKnownFileType = sourcecode.swift; path = SceneDelegate.swift; sourceTree = "<group>"; };
		2176F0DE265294F800628811 /* ViewController.swift */ = {isa = PBXFileReference; lastKnownFileType = sourcecode.swift; path = ViewController.swift; sourceTree = "<group>"; };
		2176F0E1265294F800628811 /* Base */ = {isa = PBXFileReference; lastKnownFileType = file.storyboard; name = Base; path = Base.lproj/Main.storyboard; sourceTree = "<group>"; };
		2176F0E32652950600628811 /* Assets.xcassets */ = {isa = PBXFileReference; lastKnownFileType = folder.assetcatalog; path = Assets.xcassets; sourceTree = "<group>"; };
		2176F0E62652950600628811 /* Base */ = {isa = PBXFileReference; lastKnownFileType = file.storyboard; name = Base; path = Base.lproj/LaunchScreen.storyboard; sourceTree = "<group>"; };
		2176F0E82652950600628811 /* Info.plist */ = {isa = PBXFileReference; lastKnownFileType = text.plist.xml; path = Info.plist; sourceTree = "<group>"; };
		2176F0F32652B24C00628811 /* OpenWeatherMap.swift */ = {isa = PBXFileReference; lastKnownFileType = sourcecode.swift; path = OpenWeatherMap.swift; sourceTree = "<group>"; };
		2176F0F72652DBED00628811 /* Images.xcassets */ = {isa = PBXFileReference; lastKnownFileType = folder.assetcatalog; path = Images.xcassets; sourceTree = "<group>"; };
		218008A82656C8E600B2496E /* CoreLocation.framework */ = {isa = PBXFileReference; lastKnownFileType = wrapper.framework; name = CoreLocation.framework; path = System/Library/Frameworks/CoreLocation.framework; sourceTree = SDKROOT; };
		21C1E59F2673C13C00B8ED4B /* OpenWeatherModel.swift */ = {isa = PBXFileReference; lastKnownFileType = sourcecode.swift; path = OpenWeatherModel.swift; sourceTree = "<group>"; };
		21E9C63E266A87A50080C819 /* Weather.swift */ = {isa = PBXFileReference; lastKnownFileType = sourcecode.swift; path = Weather.swift; sourceTree = "<group>"; };
		21E9C646266AA56E0080C819 /* CurrentWeatherViewController.swift */ = {isa = PBXFileReference; lastKnownFileType = sourcecode.swift; path = CurrentWeatherViewController.swift; sourceTree = "<group>"; };
		21E9C64A266AA5910080C819 /* CurrentWeatherPresenter.swift */ = {isa = PBXFileReference; lastKnownFileType = sourcecode.swift; path = CurrentWeatherPresenter.swift; sourceTree = "<group>"; };
		21E9C64D266AA6C60080C819 /* CurrentWeatherAssembly.swift */ = {isa = PBXFileReference; lastKnownFileType = sourcecode.swift; path = CurrentWeatherAssembly.swift; sourceTree = "<group>"; };
		33566067258296E2FA35ABB9 /* Pods-weatherApp.debug.xcconfig */ = {isa = PBXFileReference; includeInIndex = 1; lastKnownFileType = text.xcconfig; name = "Pods-weatherApp.debug.xcconfig"; path = "Target Support Files/Pods-weatherApp/Pods-weatherApp.debug.xcconfig"; sourceTree = "<group>"; };
		6CF6F84855A39805DABAA8F9 /* Pods_weatherApp.framework */ = {isa = PBXFileReference; explicitFileType = wrapper.framework; includeInIndex = 0; path = Pods_weatherApp.framework; sourceTree = BUILT_PRODUCTS_DIR; };
		A4FE950545E0BF9AD5B3F702 /* Pods-weatherApp.release.xcconfig */ = {isa = PBXFileReference; includeInIndex = 1; lastKnownFileType = text.xcconfig; name = "Pods-weatherApp.release.xcconfig"; path = "Target Support Files/Pods-weatherApp/Pods-weatherApp.release.xcconfig"; sourceTree = "<group>"; };
/* End PBXFileReference section */

/* Begin PBXFrameworksBuildPhase section */
		2176F0D4265294F700628811 /* Frameworks */ = {
			isa = PBXFrameworksBuildPhase;
			buildActionMask = 2147483647;
			files = (
				218008A92656C8E600B2496E /* CoreLocation.framework in Frameworks */,
				5631265AC70A05378D7C3971 /* Pods_weatherApp.framework in Frameworks */,
			);
			runOnlyForDeploymentPostprocessing = 0;
		};
/* End PBXFrameworksBuildPhase section */

/* Begin PBXGroup section */
		2176F0CE265294F700628811 = {
			isa = PBXGroup;
			children = (
				2176F0D9265294F800628811 /* weatherApp */,
				2176F0D8265294F800628811 /* Products */,
				E3AC83A3E64BC28115F38968 /* Pods */,
				EDF0AD2A77E1C7699643C996 /* Frameworks */,
			);
			sourceTree = "<group>";
		};
		2176F0D8265294F800628811 /* Products */ = {
			isa = PBXGroup;
			children = (
				2176F0D7265294F800628811 /* weatherApp.app */,
			);
			name = Products;
			sourceTree = "<group>";
		};
		2176F0D9265294F800628811 /* weatherApp */ = {
			isa = PBXGroup;
			children = (
				2176F0F32652B24C00628811 /* OpenWeatherMap.swift */,
				210C0DAB265C046C0027CA42 /* ForecastViewController.swift */,
				2176F0DE265294F800628811 /* ViewController.swift */,
				21E9C63E266A87A50080C819 /* Weather.swift */,
				2176F0DA265294F800628811 /* AppDelegate.swift */,
				2176F0DC265294F800628811 /* SceneDelegate.swift */,
				2176F0E0265294F800628811 /* Main.storyboard */,
				21E9C642266AA4EE0080C819 /* CurrentWeather */,
				2176F0E32652950600628811 /* Assets.xcassets */,
				2176F0F72652DBED00628811 /* Images.xcassets */,
				2176F0E52652950600628811 /* LaunchScreen.storyboard */,
				2176F0E82652950600628811 /* Info.plist */,
			);
			path = weatherApp;
			sourceTree = "<group>";
		};
		21E9C642266AA4EE0080C819 /* CurrentWeather */ = {
			isa = PBXGroup;
			children = (
				21E9C645266AA54E0080C819 /* Presenter */,
				21E9C644266AA5460080C819 /* Model */,
				21E9C643266AA53E0080C819 /* View */,
				21E9C64D266AA6C60080C819 /* CurrentWeatherAssembly.swift */,
			);
			path = CurrentWeather;
			sourceTree = "<group>";
		};
		21E9C643266AA53E0080C819 /* View */ = {
			isa = PBXGroup;
			children = (
				21E9C646266AA56E0080C819 /* CurrentWeatherViewController.swift */,
			);
			path = View;
			sourceTree = "<group>";
		};
		21E9C644266AA5460080C819 /* Model */ = {
			isa = PBXGroup;
			children = (
				21C1E59F2673C13C00B8ED4B /* OpenWeatherModel.swift */,
			);
			path = Model;
			sourceTree = "<group>";
		};
		21E9C645266AA54E0080C819 /* Presenter */ = {
			isa = PBXGroup;
			children = (
				21E9C64A266AA5910080C819 /* CurrentWeatherPresenter.swift */,
			);
			path = Presenter;
			sourceTree = "<group>";
		};
		E3AC83A3E64BC28115F38968 /* Pods */ = {
			isa = PBXGroup;
			children = (
				33566067258296E2FA35ABB9 /* Pods-weatherApp.debug.xcconfig */,
				A4FE950545E0BF9AD5B3F702 /* Pods-weatherApp.release.xcconfig */,
			);
			path = Pods;
			sourceTree = "<group>";
		};
		EDF0AD2A77E1C7699643C996 /* Frameworks */ = {
			isa = PBXGroup;
			children = (
				218008A82656C8E600B2496E /* CoreLocation.framework */,
				6CF6F84855A39805DABAA8F9 /* Pods_weatherApp.framework */,
			);
			name = Frameworks;
			sourceTree = "<group>";
		};
/* End PBXGroup section */

/* Begin PBXNativeTarget section */
		2176F0D6265294F700628811 /* weatherApp */ = {
			isa = PBXNativeTarget;
			buildConfigurationList = 2176F0EB2652950600628811 /* Build configuration list for PBXNativeTarget "weatherApp" */;
			buildPhases = (
				02AA4DB1A4B81159A405C468 /* [CP] Check Pods Manifest.lock */,
				2176F0D3265294F700628811 /* Sources */,
				2176F0D4265294F700628811 /* Frameworks */,
				2176F0D5265294F700628811 /* Resources */,
				942A7DA50C2D97A285C380D0 /* [CP] Embed Pods Frameworks */,
			);
			buildRules = (
			);
			dependencies = (
			);
			name = weatherApp;
			productName = weatherApp;
			productReference = 2176F0D7265294F800628811 /* weatherApp.app */;
			productType = "com.apple.product-type.application";
		};
/* End PBXNativeTarget section */

/* Begin PBXProject section */
		2176F0CF265294F700628811 /* Project object */ = {
			isa = PBXProject;
			attributes = {
				LastSwiftUpdateCheck = 1230;
				LastUpgradeCheck = 1230;
				TargetAttributes = {
					2176F0D6265294F700628811 = {
						CreatedOnToolsVersion = 12.3;
					};
				};
			};
			buildConfigurationList = 2176F0D2265294F700628811 /* Build configuration list for PBXProject "weatherApp" */;
			compatibilityVersion = "Xcode 9.3";
			developmentRegion = en;
			hasScannedForEncodings = 0;
			knownRegions = (
				en,
				Base,
			);
			mainGroup = 2176F0CE265294F700628811;
			productRefGroup = 2176F0D8265294F800628811 /* Products */;
			projectDirPath = "";
			projectRoot = "";
			targets = (
				2176F0D6265294F700628811 /* weatherApp */,
			);
		};
/* End PBXProject section */

/* Begin PBXResourcesBuildPhase section */
		2176F0D5265294F700628811 /* Resources */ = {
			isa = PBXResourcesBuildPhase;
			buildActionMask = 2147483647;
			files = (
				2176F0E72652950600628811 /* LaunchScreen.storyboard in Resources */,
				2176F0F82652DBED00628811 /* Images.xcassets in Resources */,
				2176F0E42652950600628811 /* Assets.xcassets in Resources */,
				2176F0E2265294F800628811 /* Main.storyboard in Resources */,
			);
			runOnlyForDeploymentPostprocessing = 0;
		};
/* End PBXResourcesBuildPhase section */

/* Begin PBXShellScriptBuildPhase section */
		02AA4DB1A4B81159A405C468 /* [CP] Check Pods Manifest.lock */ = {
			isa = PBXShellScriptBuildPhase;
			buildActionMask = 2147483647;
			files = (
			);
			inputFileListPaths = (
			);
			inputPaths = (
				"${PODS_PODFILE_DIR_PATH}/Podfile.lock",
				"${PODS_ROOT}/Manifest.lock",
			);
			name = "[CP] Check Pods Manifest.lock";
			outputFileListPaths = (
			);
			outputPaths = (
				"$(DERIVED_FILE_DIR)/Pods-weatherApp-checkManifestLockResult.txt",
			);
			runOnlyForDeploymentPostprocessing = 0;
			shellPath = /bin/sh;
			shellScript = "diff \"${PODS_PODFILE_DIR_PATH}/Podfile.lock\" \"${PODS_ROOT}/Manifest.lock\" > /dev/null\nif [ $? != 0 ] ; then\n    # print error to STDERR\n    echo \"error: The sandbox is not in sync with the Podfile.lock. Run 'pod install' or update your CocoaPods installation.\" >&2\n    exit 1\nfi\n# This output is used by Xcode 'outputs' to avoid re-running this script phase.\necho \"SUCCESS\" > \"${SCRIPT_OUTPUT_FILE_0}\"\n";
			showEnvVarsInLog = 0;
		};
		942A7DA50C2D97A285C380D0 /* [CP] Embed Pods Frameworks */ = {
			isa = PBXShellScriptBuildPhase;
			buildActionMask = 2147483647;
			files = (
			);
			inputFileListPaths = (
				"${PODS_ROOT}/Target Support Files/Pods-weatherApp/Pods-weatherApp-frameworks-${CONFIGURATION}-input-files.xcfilelist",
			);
			name = "[CP] Embed Pods Frameworks";
			outputFileListPaths = (
				"${PODS_ROOT}/Target Support Files/Pods-weatherApp/Pods-weatherApp-frameworks-${CONFIGURATION}-output-files.xcfilelist",
			);
			runOnlyForDeploymentPostprocessing = 0;
			shellPath = /bin/sh;
			shellScript = "\"${PODS_ROOT}/Target Support Files/Pods-weatherApp/Pods-weatherApp-frameworks.sh\"\n";
			showEnvVarsInLog = 0;
		};
/* End PBXShellScriptBuildPhase section */

/* Begin PBXSourcesBuildPhase section */
		2176F0D3265294F700628811 /* Sources */ = {
			isa = PBXSourcesBuildPhase;
			buildActionMask = 2147483647;
			files = (
				2176F0DF265294F800628811 /* ViewController.swift in Sources */,
				2176F0DB265294F800628811 /* AppDelegate.swift in Sources */,
				210C0DAC265C046C0027CA42 /* ForecastViewController.swift in Sources */,
				21E9C64B266AA5910080C819 /* CurrentWeatherPresenter.swift in Sources */,
				21C1E5A02673C13C00B8ED4B /* OpenWeatherModel.swift in Sources */,
				21E9C647266AA56E0080C819 /* CurrentWeatherViewController.swift in Sources */,
				2176F0DD265294F800628811 /* SceneDelegate.swift in Sources */,
				2176F0F42652B24C00628811 /* OpenWeatherMap.swift in Sources */,
				21E9C63F266A87A50080C819 /* Weather.swift in Sources */,
				21E9C64E266AA6C60080C819 /* CurrentWeatherAssembly.swift in Sources */,
			);
			runOnlyForDeploymentPostprocessing = 0;
		};
/* End PBXSourcesBuildPhase section */

/* Begin PBXVariantGroup section */
		2176F0E0265294F800628811 /* Main.storyboard */ = {
			isa = PBXVariantGroup;
			children = (
				2176F0E1265294F800628811 /* Base */,
			);
			name = Main.storyboard;
			sourceTree = "<group>";
		};
		2176F0E52652950600628811 /* LaunchScreen.storyboard */ = {
			isa = PBXVariantGroup;
			children = (
				2176F0E62652950600628811 /* Base */,
			);
			name = LaunchScreen.storyboard;
			sourceTree = "<group>";
		};
/* End PBXVariantGroup section */

/* Begin XCBuildConfiguration section */
		2176F0E92652950600628811 /* Debug */ = {
			isa = XCBuildConfiguration;
			buildSettings = {
				ALWAYS_SEARCH_USER_PATHS = NO;
				CLANG_ANALYZER_NONNULL = YES;
				CLANG_ANALYZER_NUMBER_OBJECT_CONVERSION = YES_AGGRESSIVE;
				CLANG_CXX_LANGUAGE_STANDARD = "gnu++14";
				CLANG_CXX_LIBRARY = "libc++";
				CLANG_ENABLE_MODULES = YES;
				CLANG_ENABLE_OBJC_ARC = YES;
				CLANG_ENABLE_OBJC_WEAK = YES;
				CLANG_WARN_BLOCK_CAPTURE_AUTORELEASING = YES;
				CLANG_WARN_BOOL_CONVERSION = YES;
				CLANG_WARN_COMMA = YES;
				CLANG_WARN_CONSTANT_CONVERSION = YES;
				CLANG_WARN_DEPRECATED_OBJC_IMPLEMENTATIONS = YES;
				CLANG_WARN_DIRECT_OBJC_ISA_USAGE = YES_ERROR;
				CLANG_WARN_DOCUMENTATION_COMMENTS = YES;
				CLANG_WARN_EMPTY_BODY = YES;
				CLANG_WARN_ENUM_CONVERSION = YES;
				CLANG_WARN_INFINITE_RECURSION = YES;
				CLANG_WARN_INT_CONVERSION = YES;
				CLANG_WARN_NON_LITERAL_NULL_CONVERSION = YES;
				CLANG_WARN_OBJC_IMPLICIT_RETAIN_SELF = YES;
				CLANG_WARN_OBJC_LITERAL_CONVERSION = YES;
				CLANG_WARN_OBJC_ROOT_CLASS = YES_ERROR;
				CLANG_WARN_QUOTED_INCLUDE_IN_FRAMEWORK_HEADER = YES;
				CLANG_WARN_RANGE_LOOP_ANALYSIS = YES;
				CLANG_WARN_STRICT_PROTOTYPES = YES;
				CLANG_WARN_SUSPICIOUS_MOVE = YES;
				CLANG_WARN_UNGUARDED_AVAILABILITY = YES_AGGRESSIVE;
				CLANG_WARN_UNREACHABLE_CODE = YES;
				CLANG_WARN__DUPLICATE_METHOD_MATCH = YES;
				COPY_PHASE_STRIP = NO;
				DEBUG_INFORMATION_FORMAT = dwarf;
				ENABLE_STRICT_OBJC_MSGSEND = YES;
				ENABLE_TESTABILITY = YES;
				GCC_C_LANGUAGE_STANDARD = gnu11;
				GCC_DYNAMIC_NO_PIC = NO;
				GCC_NO_COMMON_BLOCKS = YES;
				GCC_OPTIMIZATION_LEVEL = 0;
				GCC_PREPROCESSOR_DEFINITIONS = (
					"DEBUG=1",
					"$(inherited)",
				);
				GCC_WARN_64_TO_32_BIT_CONVERSION = YES;
				GCC_WARN_ABOUT_RETURN_TYPE = YES_ERROR;
				GCC_WARN_UNDECLARED_SELECTOR = YES;
				GCC_WARN_UNINITIALIZED_AUTOS = YES_AGGRESSIVE;
				GCC_WARN_UNUSED_FUNCTION = YES;
				GCC_WARN_UNUSED_VARIABLE = YES;
				IPHONEOS_DEPLOYMENT_TARGET = 14.3;
				MTL_ENABLE_DEBUG_INFO = INCLUDE_SOURCE;
				MTL_FAST_MATH = YES;
				ONLY_ACTIVE_ARCH = YES;
				SDKROOT = iphoneos;
				SWIFT_ACTIVE_COMPILATION_CONDITIONS = DEBUG;
				SWIFT_OPTIMIZATION_LEVEL = "-Onone";
			};
			name = Debug;
		};
		2176F0EA2652950600628811 /* Release */ = {
			isa = XCBuildConfiguration;
			buildSettings = {
				ALWAYS_SEARCH_USER_PATHS = NO;
				CLANG_ANALYZER_NONNULL = YES;
				CLANG_ANALYZER_NUMBER_OBJECT_CONVERSION = YES_AGGRESSIVE;
				CLANG_CXX_LANGUAGE_STANDARD = "gnu++14";
				CLANG_CXX_LIBRARY = "libc++";
				CLANG_ENABLE_MODULES = YES;
				CLANG_ENABLE_OBJC_ARC = YES;
				CLANG_ENABLE_OBJC_WEAK = YES;
				CLANG_WARN_BLOCK_CAPTURE_AUTORELEASING = YES;
				CLANG_WARN_BOOL_CONVERSION = YES;
				CLANG_WARN_COMMA = YES;
				CLANG_WARN_CONSTANT_CONVERSION = YES;
				CLANG_WARN_DEPRECATED_OBJC_IMPLEMENTATIONS = YES;
				CLANG_WARN_DIRECT_OBJC_ISA_USAGE = YES_ERROR;
				CLANG_WARN_DOCUMENTATION_COMMENTS = YES;
				CLANG_WARN_EMPTY_BODY = YES;
				CLANG_WARN_ENUM_CONVERSION = YES;
				CLANG_WARN_INFINITE_RECURSION = YES;
				CLANG_WARN_INT_CONVERSION = YES;
				CLANG_WARN_NON_LITERAL_NULL_CONVERSION = YES;
				CLANG_WARN_OBJC_IMPLICIT_RETAIN_SELF = YES;
				CLANG_WARN_OBJC_LITERAL_CONVERSION = YES;
				CLANG_WARN_OBJC_ROOT_CLASS = YES_ERROR;
				CLANG_WARN_QUOTED_INCLUDE_IN_FRAMEWORK_HEADER = YES;
				CLANG_WARN_RANGE_LOOP_ANALYSIS = YES;
				CLANG_WARN_STRICT_PROTOTYPES = YES;
				CLANG_WARN_SUSPICIOUS_MOVE = YES;
				CLANG_WARN_UNGUARDED_AVAILABILITY = YES_AGGRESSIVE;
				CLANG_WARN_UNREACHABLE_CODE = YES;
				CLANG_WARN__DUPLICATE_METHOD_MATCH = YES;
				COPY_PHASE_STRIP = NO;
				DEBUG_INFORMATION_FORMAT = "dwarf-with-dsym";
				ENABLE_NS_ASSERTIONS = NO;
				ENABLE_STRICT_OBJC_MSGSEND = YES;
				GCC_C_LANGUAGE_STANDARD = gnu11;
				GCC_NO_COMMON_BLOCKS = YES;
				GCC_WARN_64_TO_32_BIT_CONVERSION = YES;
				GCC_WARN_ABOUT_RETURN_TYPE = YES_ERROR;
				GCC_WARN_UNDECLARED_SELECTOR = YES;
				GCC_WARN_UNINITIALIZED_AUTOS = YES_AGGRESSIVE;
				GCC_WARN_UNUSED_FUNCTION = YES;
				GCC_WARN_UNUSED_VARIABLE = YES;
				IPHONEOS_DEPLOYMENT_TARGET = 14.3;
				MTL_ENABLE_DEBUG_INFO = NO;
				MTL_FAST_MATH = YES;
				SDKROOT = iphoneos;
				SWIFT_COMPILATION_MODE = wholemodule;
				SWIFT_OPTIMIZATION_LEVEL = "-O";
				VALIDATE_PRODUCT = YES;
			};
			name = Release;
		};
		2176F0EC2652950600628811 /* Debug */ = {
			isa = XCBuildConfiguration;
			baseConfigurationReference = 33566067258296E2FA35ABB9 /* Pods-weatherApp.debug.xcconfig */;
			buildSettings = {
				ASSETCATALOG_COMPILER_APPICON_NAME = AppIcon;
				ASSETCATALOG_COMPILER_GLOBAL_ACCENT_COLOR_NAME = AccentColor;
				CODE_SIGN_STYLE = Automatic;
				DEVELOPMENT_TEAM = 67NXF37MR9;
				INFOPLIST_FILE = weatherApp/Info.plist;
				IPHONEOS_DEPLOYMENT_TARGET = 13.0;
				LD_RUNPATH_SEARCH_PATHS = (
					"$(inherited)",
					"@executable_path/Frameworks",
				);
				PRODUCT_BUNDLE_IDENTIFIER = mix174.weatherApp;
				PRODUCT_NAME = "$(TARGET_NAME)";
				SWIFT_VERSION = 5.0;
				TARGETED_DEVICE_FAMILY = "1,2";
			};
			name = Debug;
		};
		2176F0ED2652950600628811 /* Release */ = {
			isa = XCBuildConfiguration;
			baseConfigurationReference = A4FE950545E0BF9AD5B3F702 /* Pods-weatherApp.release.xcconfig */;
			buildSettings = {
				ASSETCATALOG_COMPILER_APPICON_NAME = AppIcon;
				ASSETCATALOG_COMPILER_GLOBAL_ACCENT_COLOR_NAME = AccentColor;
				CODE_SIGN_STYLE = Automatic;
				DEVELOPMENT_TEAM = 67NXF37MR9;
				INFOPLIST_FILE = weatherApp/Info.plist;
				IPHONEOS_DEPLOYMENT_TARGET = 13.0;
				LD_RUNPATH_SEARCH_PATHS = (
					"$(inherited)",
					"@executable_path/Frameworks",
				);
				PRODUCT_BUNDLE_IDENTIFIER = mix174.weatherApp;
				PRODUCT_NAME = "$(TARGET_NAME)";
				SWIFT_VERSION = 5.0;
				TARGETED_DEVICE_FAMILY = "1,2";
			};
			name = Release;
		};
/* End XCBuildConfiguration section */

/* Begin XCConfigurationList section */
		2176F0D2265294F700628811 /* Build configuration list for PBXProject "weatherApp" */ = {
			isa = XCConfigurationList;
			buildConfigurations = (
				2176F0E92652950600628811 /* Debug */,
				2176F0EA2652950600628811 /* Release */,
			);
			defaultConfigurationIsVisible = 0;
			defaultConfigurationName = Release;
		};
		2176F0EB2652950600628811 /* Build configuration list for PBXNativeTarget "weatherApp" */ = {
			isa = XCConfigurationList;
			buildConfigurations = (
				2176F0EC2652950600628811 /* Debug */,
				2176F0ED2652950600628811 /* Release */,
			);
			defaultConfigurationIsVisible = 0;
			defaultConfigurationName = Release;
		};
/* End XCConfigurationList section */
	};
	rootObject = 2176F0CF265294F700628811 /* Project object */;
}
